{
  "name": "PFE_NoteShare",
  "lockfileVersion": 3,
  "requires": true,
  "packages": {
    "": {
      "dependencies": {
        "bootstrap-fileinput": "^5.5.4"
      }
    },
    "node_modules/@popperjs/core": {
      "version": "2.11.8",
      "license": "MIT",
      "peer": true,
      "funding": {
        "type": "opencollective",
        "url": "https://opencollective.com/popperjs"
      }
    },
    "node_modules/bootstrap": {
      "version": "5.3.3",
      "funding": [
        {
          "type": "github",
          "url": "https://github.com/sponsors/twbs"
        },
        {
          "type": "opencollective",
          "url": "https://opencollective.com/bootstrap"
        }
      ],
      "license": "MIT",
      "peerDependencies": {
        "@popperjs/core": "^2.11.8"
      }
    },
    "node_modules/bootstrap-fileinput": {
      "version": "5.5.4",
      "resolved": "https://registry.npmjs.org/bootstrap-fileinput/-/bootstrap-fileinput-5.5.4.tgz",
      "integrity": "sha512-GixhM6PzfIzzAPLAP73O6EZCpOTGzka1kEBiS+AfviF+kfZQWBQEl8V4/Keto2kB570/yZtmi6/n/PbD5nvD2A==",
      "hasInstallScript": true,
      "dependencies": {
        "bootstrap": ">= 3.4.1",
        "jquery": ">= 1.9.0",
        "opencollective-postinstall": "^2.0.2"
      },
      "peerDependencies": {
        "bootstrap": ">= 3.0.0",
        "jquery": ">= 1.9.0"
      }
    },
    "node_modules/jquery": {
      "version": "3.4.1",
      "license": "MIT"
    },
    "node_modules/opencollective-postinstall": {
      "version": "2.0.3",
      "license": "MIT",
      "bin": {
        "opencollective-postinstall": "index.js"
      }
    }
  }
}
